<Solution>
  <Project Path="DeplomentStatus.AppHost/DeplomentStatus.AppHost.csproj" />
  <Project Path="DeplomentStatus.ServiceDefaults/DeplomentStatus.ServiceDefaults.csproj" />
  <Project Path="DeploymentAPI/DeploymentAPI.csproj" />
  <Project Path="DeploymentDashboard.Project/DeploymentDashboard.Project.csproj" />
</Solution>
